# THIS IS AN AUTOGENERATED FILE. DO NOT EDIT THIS FILE DIRECTLY.
# yarn lockfile v1


"@alpinejs/persist@^3.13.3":
  version "3.13.3"
  resolved "https://registry.yarnpkg.com/@alpinejs/persist/-/persist-3.13.3.tgz#886d1d081dbd9df2c0b7b9c3806dbfd0b7564ee0"
  integrity sha512-gXTH8ynVFmmQJf50/bukRvHRnp5fIDYBBfo1ZJMLSzSC6OefM/CAablwlDCV6gx+8ELeis+v5yFvX0MjBEQ7Uw==

"@rails/actiontext@^7.1.2":
  version "7.1.2"
  resolved "https://registry.yarnpkg.com/@rails/actiontext/-/actiontext-7.1.2.tgz#2f7772b33951f76a07e9ff83d54519c362d99fd5"
  integrity sha512-qiSUtop7rIb9BlwvgU98u+y8erlWhOiV0AveoHQ4EzN11VAWj3Euao9O+Q1iEJfIPcgXRvnsVLIJPrz3ldizFg==
  dependencies:
    "@rails/activestorage" ">= 7.1.0-alpha"

"@rails/activestorage@>= 7.1.0-alpha":
  version "7.1.0"
  resolved "https://registry.yarnpkg.com/@rails/activestorage/-/activestorage-7.1.0.tgz#6aeea30720f98ea25f790596862ac89251bcc05d"
  integrity sha512-TYc3AkBaXgBlavODTHPgyaOMqt0MRkFlPCa7BiQJJyND17GYS7pP0lT0bgcDQgpuKMvsCdVxQaRwl6tzL5AW0g==
  dependencies:
    spark-md5 "^3.0.1"

"@tailwindcss/custom-forms@^0.2.1":
  version "0.2.1"
  resolved "https://registry.npmjs.org/@tailwindcss/custom-forms/-/custom-forms-0.2.1.tgz"
  integrity sha512-XdP5XY6kxo3x5o50mWUyoYWxOPV16baagLoZ5uM41gh6IhXzhz/vJYzqrTb/lN58maGIKlpkxgVsQUNSsbAS3Q==
  dependencies:
    lodash "^4.17.11"
    mini-svg-data-uri "^1.0.3"
    traverse "^0.6.6"

"@vue/reactivity@~3.1.1":
  version "3.1.5"
  resolved "https://registry.yarnpkg.com/@vue/reactivity/-/reactivity-3.1.5.tgz#dbec4d9557f7c8f25c2635db1e23a78a729eb991"
  integrity sha512-1tdfLmNjWG6t/CsPldh+foumYFo3cpyCHgBYQ34ylaMsJ+SNHQ1kApMIa8jN+i593zQuaw3AdWH0nJTARzCFhg==
  dependencies:
    "@vue/shared" "3.1.5"

"@vue/shared@3.1.5":
  version "3.1.5"
  resolved "https://registry.yarnpkg.com/@vue/shared/-/shared-3.1.5.tgz#74ee3aad995d0a3996a6bb9533d4d280514ede03"
  integrity sha512-oJ4F3TnvpXaQwZJNF3ZK+kLPHKarDmJjJ6jyzVNDKH9md1dptjC7lWR//jrGuLdek/U6iltWxqAnYOu8gCiOvA==

alpinejs@^3.13.2:
  version "3.13.2"
  resolved "https://registry.yarnpkg.com/alpinejs/-/alpinejs-3.13.2.tgz#19723278b14bd9d1cc46859b5ac6225fcce2c228"
  integrity sha512-WzojeeN082kLZznGI1HAuP8yFJSWqJ1fGdz2mUjj45H4y0XwToE7fFqtI3mCPRR+BpcSbxT/NL+FyPnYAWSltw==
  dependencies:
    "@vue/reactivity" "~3.1.1"

lodash@^4.17.11:
  version "4.17.21"
  resolved "https://registry.npmjs.org/lodash/-/lodash-4.17.21.tgz"
  integrity sha512-v2kDEe57lecTulaDIuNTPy3Ry4gLGJ6Z1O3vE1krgXZNrsQ+LFTGHVxVjcXPs17LhbZVGedAJv8XZ1tvj5FvSg==

mini-svg-data-uri@^1.0.3:
  version "1.4.4"
  resolved "https://registry.npmjs.org/mini-svg-data-uri/-/mini-svg-data-uri-1.4.4.tgz"
  integrity sha512-r9deDe9p5FJUPZAk3A59wGH7Ii9YrjjWw0jmw/liSbHl2CHiyXj6FcDXDu2K3TjVAXqiJdaw3xxwlZZr9E6nHg==

spark-md5@^3.0.1:
  version "3.0.2"
  resolved "https://registry.yarnpkg.com/spark-md5/-/spark-md5-3.0.2.tgz#7952c4a30784347abcee73268e473b9c0167e3fc"
  integrity sha512-wcFzz9cDfbuqe0FZzfi2or1sgyIrsDwmPwfZC4hiNidPdPINjeUwNfv5kldczoEAcjl9Y1L3SM7Uz2PUEQzxQw==

tailwindcss-multi-theme@^1.0.4:
  version "1.0.4"
  resolved "https://registry.npmjs.org/tailwindcss-multi-theme/-/tailwindcss-multi-theme-1.0.4.tgz"
  integrity sha512-iwq4c039Urx6q2j9YDvGF5GmOs6vx5AMIQdscSIH9cPHmDhQE38eE7/4SeoZxB+6TY+xvZeLa/6UV9iRovoEuA==

traverse@^0.6.6:
  version "0.6.6"
  resolved "https://registry.npmjs.org/traverse/-/traverse-0.6.6.tgz"
  integrity sha512-kdf4JKs8lbARxWdp7RKdNzoJBhGUcIalSYibuGyHJbmk40pOysQ0+QPvlkCOICOivDWU2IJo2rkrxyTK2AH4fw==

trix@^2.0.7:
  version "2.0.7"
  resolved "https://registry.yarnpkg.com/trix/-/trix-2.0.7.tgz#21cd94616864f908ec802fe029e69f628a694eca"
  integrity sha512-qnqElm1BA4XYMgwowEHlF4xE4wfEjFBpmybvdzVUQP4OTzQxRXVEQNP4WSvWT6HzV4wYFP06/HSo14fWoGo6jQ==
