# THIS IS AN AUTOGENERATED FILE. DO NOT EDIT THIS FILE DIRECTLY.
# yarn lockfile v1


"@rails/actiontext@^7.0.4":
  version "7.0.4"
  resolved "https://registry.yarnpkg.com/@rails/actiontext/-/actiontext-7.0.4.tgz#742a74155b8c8ebf65e696ab6a6d2a3212511092"
  integrity sha512-vyXZ4cNkudpfSfFWuyo1SSKBQXTK2H02xjd5vLHIBqJOKaqcZ7aFWe6n8NoQrTpAt+ULYtjkH0xMhJ5holswsQ==
  dependencies:
    "@rails/activestorage" ">= 7.0.0-alpha1"

"@rails/activestorage@>= 7.0.0-alpha1":
  version "7.0.4"
  resolved "https://registry.yarnpkg.com/@rails/activestorage/-/activestorage-7.0.4.tgz#56bc3052f60e8867b40a87ed5ff3c0afe536643e"
  integrity sha512-K2fV9C0z88fapu58nt9uHzMylsmJWUFuaIFvuZQEf1WTiPMsgTsj1bf8+cD81zXfTXYMZDQNRq4164JmuBKD3A==
  dependencies:
    spark-md5 "^3.0.1"

"@tailwindcss/custom-forms@^0.2.1":
  version "0.2.1"
  resolved "https://registry.npmjs.org/@tailwindcss/custom-forms/-/custom-forms-0.2.1.tgz"
  integrity sha512-XdP5XY6kxo3x5o50mWUyoYWxOPV16baagLoZ5uM41gh6IhXzhz/vJYzqrTb/lN58maGIKlpkxgVsQUNSsbAS3Q==
  dependencies:
    lodash "^4.17.11"
    mini-svg-data-uri "^1.0.3"
    traverse "^0.6.6"

lodash@^4.17.11:
  version "4.17.21"
  resolved "https://registry.npmjs.org/lodash/-/lodash-4.17.21.tgz"
  integrity sha512-v2kDEe57lecTulaDIuNTPy3Ry4gLGJ6Z1O3vE1krgXZNrsQ+LFTGHVxVjcXPs17LhbZVGedAJv8XZ1tvj5FvSg==

mini-svg-data-uri@^1.0.3:
  version "1.4.4"
  resolved "https://registry.npmjs.org/mini-svg-data-uri/-/mini-svg-data-uri-1.4.4.tgz"
  integrity sha512-r9deDe9p5FJUPZAk3A59wGH7Ii9YrjjWw0jmw/liSbHl2CHiyXj6FcDXDu2K3TjVAXqiJdaw3xxwlZZr9E6nHg==

spark-md5@^3.0.1:
  version "3.0.2"
  resolved "https://registry.yarnpkg.com/spark-md5/-/spark-md5-3.0.2.tgz#7952c4a30784347abcee73268e473b9c0167e3fc"
  integrity sha512-wcFzz9cDfbuqe0FZzfi2or1sgyIrsDwmPwfZC4hiNidPdPINjeUwNfv5kldczoEAcjl9Y1L3SM7Uz2PUEQzxQw==

tailwindcss-multi-theme@^1.0.4:
  version "1.0.4"
  resolved "https://registry.npmjs.org/tailwindcss-multi-theme/-/tailwindcss-multi-theme-1.0.4.tgz"
  integrity sha512-iwq4c039Urx6q2j9YDvGF5GmOs6vx5AMIQdscSIH9cPHmDhQE38eE7/4SeoZxB+6TY+xvZeLa/6UV9iRovoEuA==

traverse@^0.6.6:
  version "0.6.6"
  resolved "https://registry.npmjs.org/traverse/-/traverse-0.6.6.tgz"
  integrity sha512-kdf4JKs8lbARxWdp7RKdNzoJBhGUcIalSYibuGyHJbmk40pOysQ0+QPvlkCOICOivDWU2IJo2rkrxyTK2AH4fw==

trix@^2.0.5:
  version "2.0.5"
  resolved "https://registry.yarnpkg.com/trix/-/trix-2.0.5.tgz#f54880ab38e24d47829a04e04afaf03a8607f772"
  integrity sha512-OiCbDf17F7JahEwhyL1MvK9DxAAT1vkaW5sn+zpwfemZAcc4RfQB4ku18/1mKP58LRwBhjcy+6TBho7ciXz52Q==
